
Microsoft Visual Studio Solution File, Format Version 12.00
# Visual Studio Version 17
VisualStudioVersion = 17.0.31903.59
MinimumVisualStudioVersion = 10.0.40219.1
Project("{FAE04EC0-301F-11D3-BF4B-00C04F79EFBC}") = "MainApp", "MainApp\MainApp.csproj", "{9C9652A8-7FBC-403E-8D92-E72679F69C6D}"
EndProject
Global
	GlobalSection(SolutionConfigurationPlatforms) = preSolution
		Debug|Any CPU = Debug|Any CPU
		Release|Any CPU = Release|Any CPU
	EndGlobalSection
	GlobalSection(SolutionProperties) = preSolution
		HideSolutionNode = FALSE
	EndGlobalSection
	GlobalSection(ProjectConfigurationPlatforms) = postSolution
		{9C9652A8-7FBC-403E-8D92-E72679F69C6D}.Debug|Any CPU.ActiveCfg = Debug|Any CPU
		{9C9652A8-7FBC-403E-8D92-E72679F69C6D}.Debug|Any CPU.Build.0 = Debug|Any CPU
		{9C9652A8-7FBC-403E-8D92-E72679F69C6D}.Release|Any CPU.ActiveCfg = Release|Any CPU
		{9C9652A8-7FBC-403E-8D92-E72679F69C6D}.Release|Any CPU.Build.0 = Release|Any CPU
		{0A12C14D-F926-4888-8841-91743DE0B818}.Debug|Any CPU.ActiveCfg = Debug|Any CPU
		{0A12C14D-F926-4888-8841-91743DE0B818}.Debug|Any CPU.Build.0 = Debug|Any CPU
		{0A12C14D-F926-4888-8841-91743DE0B818}.Release|Any CPU.ActiveCfg = Release|Any CPU
		{0A12C14D-F926-4888-8841-91743DE0B818}.Release|Any CPU.Build.0 = Release|Any CPU
	EndGlobalSection
EndGlobal
